// !$*UTF8*$!
{
	archiveVersion = 1;
	classes = {
	};
	objectVersion = 46;
	objects = {

/* Begin PBXBuildFile section */
		43F49E0219F308950088BBC6 /* AppDelegate.swift in Sources */ = {isa = PBXBuildFile; fileRef = 43F49E0119F308950088BBC6 /* AppDelegate.swift */; };
		43F49E0519F308950088BBC6 /* test.xcdatamodeld in Sources */ = {isa = PBXBuildFile; fileRef = 43F49E0319F308950088BBC6 /* test.xcdatamodeld */; };
		43F49E0719F308950088BBC6 /* ViewController.swift in Sources */ = {isa = PBXBuildFile; fileRef = 43F49E0619F308950088BBC6 /* ViewController.swift */; };
		43F49E0A19F308950088BBC6 /* Main.storyboard in Resources */ = {isa = PBXBuildFile; fileRef = 43F49E0819F308950088BBC6 /* Main.storyboard */; };
		43F49E0C19F308950088BBC6 /* Images.xcassets in Resources */ = {isa = PBXBuildFile; fileRef = 43F49E0B19F308950088BBC6 /* Images.xcassets */; };
		43F49E0F19F308950088BBC6 /* LaunchScreen.xib in Resources */ = {isa = PBXBuildFile; fileRef = 43F49E0D19F308950088BBC6 /* LaunchScreen.xib */; };
		43F49E1B19F308950088BBC6 /* testTests.swift in Sources */ = {isa = PBXBuildFile; fileRef = 43F49E1A19F308950088BBC6 /* testTests.swift */; };
		43F49E2519F308E30088BBC6 /* NodeClass.swift in Sources */ = {isa = PBXBuildFile; fileRef = 43F49E2419F308E30088BBC6 /* NodeClass.swift */; };
		43F49E2719F308F10088BBC6 /* LinkedListClass.swift in Sources */ = {isa = PBXBuildFile; fileRef = 43F49E2619F308F10088BBC6 /* LinkedListClass.swift */; };
		43F49E2919F3158C0088BBC6 /* textView.swift in Sources */ = {isa = PBXBuildFile; fileRef = 43F49E2819F3158C0088BBC6 /* textView.swift */; };
/* End PBXBuildFile section */

/* Begin PBXContainerItemProxy section */
		43F49E1519F308950088BBC6 /* PBXContainerItemProxy */ = {
			isa = PBXContainerItemProxy;
			containerPortal = 43F49DF419F308950088BBC6 /* Project object */;
			proxyType = 1;
			remoteGlobalIDString = 43F49DFB19F308950088BBC6;
			remoteInfo = test;
		};
/* End PBXContainerItemProxy section */

/* Begin PBXFileReference section */
		43F49DFC19F308950088BBC6 /* test.app */ = {isa = PBXFileReference; explicitFileType = wrapper.application; includeInIndex = 0; path = test.app; sourceTree = BUILT_PRODUCTS_DIR; };
		43F49E0019F308950088BBC6 /* Info.plist */ = {isa = PBXFileReference; lastKnownFileType = text.plist.xml; path = Info.plist; sourceTree = "<group>"; };
		43F49E0119F308950088BBC6 /* AppDelegate.swift */ = {isa = PBXFileReference; lastKnownFileType = sourcecode.swift; path = AppDelegate.swift; sourceTree = "<group>"; };
		43F49E0419F308950088BBC6 /* test.xcdatamodel */ = {isa = PBXFileReference; lastKnownFileType = wrapper.xcdatamodel; path = test.xcdatamodel; sourceTree = "<group>"; };
		43F49E0619F308950088BBC6 /* ViewController.swift */ = {isa = PBXFileReference; lastKnownFileType = sourcecode.swift; path = ViewController.swift; sourceTree = "<group>"; };
		43F49E0919F308950088BBC6 /* Base */ = {isa = PBXFileReference; lastKnownFileType = file.storyboard; name = Base; path = Base.lproj/Main.storyboard; sourceTree = "<group>"; };
		43F49E0B19F308950088BBC6 /* Images.xcassets */ = {isa = PBXFileReference; lastKnownFileType = folder.assetcatalog; path = Images.xcassets; sourceTree = "<group>"; };
		43F49E0E19F308950088BBC6 /* Base */ = {isa = PBXFileReference; lastKnownFileType = file.xib; name = Base; path = Base.lproj/LaunchScreen.xib; sourceTree = "<group>"; };
		43F49E1419F308950088BBC6 /* testTests.xctest */ = {isa = PBXFileReference; explicitFileType = wrapper.cfbundle; includeInIndex = 0; path = testTests.xctest; sourceTree = BUILT_PRODUCTS_DIR; };
		43F49E1919F308950088BBC6 /* Info.plist */ = {isa = PBXFileReference; lastKnownFileType = text.plist.xml; path = Info.plist; sourceTree = "<group>"; };
		43F49E1A19F308950088BBC6 /* testTests.swift */ = {isa = PBXFileReference; lastKnownFileType = sourcecode.swift; path = testTests.swift; sourceTree = "<group>"; };
		43F49E2419F308E30088BBC6 /* NodeClass.swift */ = {isa = PBXFileReference; fileEncoding = 4; lastKnownFileType = sourcecode.swift; path = NodeClass.swift; sourceTree = "<group>"; };
		43F49E2619F308F10088BBC6 /* LinkedListClass.swift */ = {isa = PBXFileReference; fileEncoding = 4; lastKnownFileType = sourcecode.swift; path = LinkedListClass.swift; sourceTree = "<group>"; };
		43F49E2819F3158C0088BBC6 /* textView.swift */ = {isa = PBXFileReference; fileEncoding = 4; lastKnownFileType = sourcecode.swift; path = textView.swift; sourceTree = "<group>"; };
/* End PBXFileReference section */

/* Begin PBXFrameworksBuildPhase section */
		43F49DF919F308950088BBC6 /* Frameworks */ = {
			isa = PBXFrameworksBuildPhase;
			buildActionMask = 2147483647;
			files = (
			);
			runOnlyForDeploymentPostprocessing = 0;
		};
		43F49E1119F308950088BBC6 /* Frameworks */ = {
			isa = PBXFrameworksBuildPhase;
			buildActionMask = 2147483647;
			files = (
			);
			runOnlyForDeploymentPostprocessing = 0;
		};
/* End PBXFrameworksBuildPhase section */

/* Begin PBXGroup section */
		43F49DF319F308950088BBC6 = {
			isa = PBXGroup;
			children = (
				43F49DFE19F308950088BBC6 /* test */,
				43F49E1719F308950088BBC6 /* testTests */,
				43F49DFD19F308950088BBC6 /* Products */,
			);
			sourceTree = "<group>";
		};
		43F49DFD19F308950088BBC6 /* Products */ = {
			isa = PBXGroup;
			children = (
				43F49DFC19F308950088BBC6 /* test.app */,
				43F49E1419F308950088BBC6 /* testTests.xctest */,
			);
			name = Products;
			sourceTree = "<group>";
		};
		43F49DFE19F308950088BBC6 /* test */ = {
			isa = PBXGroup;
			children = (
				43F49E0119F308950088BBC6 /* AppDelegate.swift */,
				43F49E0619F308950088BBC6 /* ViewController.swift */,
				43F49E2419F308E30088BBC6 /* NodeClass.swift */,
				43F49E2619F308F10088BBC6 /* LinkedListClass.swift */,
				43F49E2819F3158C0088BBC6 /* textView.swift */,
				43F49E0819F308950088BBC6 /* Main.storyboard */,
				43F49E0B19F308950088BBC6 /* Images.xcassets */,
				43F49E0D19F308950088BBC6 /* LaunchScreen.xib */,
				43F49E0319F308950088BBC6 /* test.xcdatamodeld */,
				43F49DFF19F308950088BBC6 /* Supporting Files */,
			);
			path = test;
			sourceTree = "<group>";
		};
		43F49DFF19F308950088BBC6 /* Supporting Files */ = {
			isa = PBXGroup;
			children = (
				43F49E0019F308950088BBC6 /* Info.plist */,
			);
			name = "Supporting Files";
			sourceTree = "<group>";
		};
		43F49E1719F308950088BBC6 /* testTests */ = {
			isa = PBXGroup;
			children = (
				43F49E1A19F308950088BBC6 /* testTests.swift */,
				43F49E1819F308950088BBC6 /* Supporting Files */,
			);
			path = testTests;
			sourceTree = "<group>";
		};
		43F49E1819F308950088BBC6 /* Supporting Files */ = {
			isa = PBXGroup;
			children = (
				43F49E1919F308950088BBC6 /* Info.plist */,
			);
			name = "Supporting Files";
			sourceTree = "<group>";
		};
/* End PBXGroup section */

/* Begin PBXNativeTarget section */
		43F49DFB19F308950088BBC6 /* test */ = {
			isa = PBXNativeTarget;
			buildConfigurationList = 43F49E1E19F308950088BBC6 /* Build configuration list for PBXNativeTarget "test" */;
			buildPhases = (
				43F49DF819F308950088BBC6 /* Sources */,
				43F49DF919F308950088BBC6 /* Frameworks */,
				43F49DFA19F308950088BBC6 /* Resources */,
			);
			buildRules = (
			);
			dependencies = (
			);
			name = test;
			productName = test;
			productReference = 43F49DFC19F308950088BBC6 /* test.app */;
			productType = "com.apple.product-type.application";
		};
		43F49E1319F308950088BBC6 /* testTests */ = {
			isa = PBXNativeTarget;
			buildConfigurationList = 43F49E2119F308950088BBC6 /* Build configuration list for PBXNativeTarget "testTests" */;
			buildPhases = (
				43F49E1019F308950088BBC6 /* Sources */,
				43F49E1119F308950088BBC6 /* Frameworks */,
				43F49E1219F308950088BBC6 /* Resources */,
			);
			buildRules = (
			);
			dependencies = (
				43F49E1619F308950088BBC6 /* PBXTargetDependency */,
			);
			name = testTests;
			productName = testTests;
			productReference = 43F49E1419F308950088BBC6 /* testTests.xctest */;
			productType = "com.apple.product-type.bundle.unit-test";
		};
/* End PBXNativeTarget section */

/* Begin PBXProject section */
		43F49DF419F308950088BBC6 /* Project object */ = {
			isa = PBXProject;
			attributes = {
				LastUpgradeCheck = 0600;
				ORGANIZATIONNAME = "Nate Birkholz";
				TargetAttributes = {
					43F49DFB19F308950088BBC6 = {
						CreatedOnToolsVersion = 6.0.1;
					};
					43F49E1319F308950088BBC6 = {
						CreatedOnToolsVersion = 6.0.1;
						TestTargetID = 43F49DFB19F308950088BBC6;
					};
				};
			};
			buildConfigurationList = 43F49DF719F308950088BBC6 /* Build configuration list for PBXProject "test" */;
			compatibilityVersion = "Xcode 3.2";
			developmentRegion = English;
			hasScannedForEncodings = 0;
			knownRegions = (
				en,
				Base,
			);
			mainGroup = 43F49DF319F308950088BBC6;
			productRefGroup = 43F49DFD19F308950088BBC6 /* Products */;
			projectDirPath = "";
			projectRoot = "";
			targets = (
				43F49DFB19F308950088BBC6 /* test */,
				43F49E1319F308950088BBC6 /* testTests */,
			);
		};
/* End PBXProject section */

/* Begin PBXResourcesBuildPhase section */
		43F49DFA19F308950088BBC6 /* Resources */ = {
			isa = PBXResourcesBuildPhase;
			buildActionMask = 2147483647;
			files = (
				43F49E0A19F308950088BBC6 /* Main.storyboard in Resources */,
				43F49E0F19F308950088BBC6 /* LaunchScreen.xib in Resources */,
				43F49E0C19F308950088BBC6 /* Images.xcassets in Resources */,
			);
			runOnlyForDeploymentPostprocessing = 0;
		};
		43F49E1219F308950088BBC6 /* Resources */ = {
			isa = PBXResourcesBuildPhase;
			buildActionMask = 2147483647;
			files = (
			);
			runOnlyForDeploymentPostprocessing = 0;
		};
/* End PBXResourcesBuildPhase section */

/* Begin PBXSourcesBuildPhase section */
		43F49DF819F308950088BBC6 /* Sources */ = {
			isa = PBXSourcesBuildPhase;
			buildActionMask = 2147483647;
			files = (
				43F49E0719F308950088BBC6 /* ViewController.swift in Sources */,
				43F49E2719F308F10088BBC6 /* LinkedListClass.swift in Sources */,
				43F49E0219F308950088BBC6 /* AppDelegate.swift in Sources */,
				43F49E2519F308E30088BBC6 /* NodeClass.swift in Sources */,
				43F49E0519F308950088BBC6 /* test.xcdatamodeld in Sources */,
				43F49E2919F3158C0088BBC6 /* textView.swift in Sources */,
			);
			runOnlyForDeploymentPostprocessing = 0;
		};
		43F49E1019F308950088BBC6 /* Sources */ = {
			isa = PBXSourcesBuildPhase;
			buildActionMask = 2147483647;
			files = (
				43F49E1B19F308950088BBC6 /* testTests.swift in Sources */,
			);
			runOnlyForDeploymentPostprocessing = 0;
		};
/* End PBXSourcesBuildPhase section */

/* Begin PBXTargetDependency section */
		43F49E1619F308950088BBC6 /* PBXTargetDependency */ = {
			isa = PBXTargetDependency;
			target = 43F49DFB19F308950088BBC6 /* test */;
			targetProxy = 43F49E1519F308950088BBC6 /* PBXContainerItemProxy */;
		};
/* End PBXTargetDependency section */

/* Begin PBXVariantGroup section */
		43F49E0819F308950088BBC6 /* Main.storyboard */ = {
			isa = PBXVariantGroup;
			children = (
				43F49E0919F308950088BBC6 /* Base */,
			);
			name = Main.storyboard;
			sourceTree = "<group>";
		};
		43F49E0D19F308950088BBC6 /* LaunchScreen.xib */ = {
			isa = PBXVariantGroup;
			children = (
				43F49E0E19F308950088BBC6 /* Base */,
			);
			name = LaunchScreen.xib;
			sourceTree = "<group>";
		};
/* End PBXVariantGroup section */

/* Begin XCBuildConfiguration section */
		43F49E1C19F308950088BBC6 /* Debug */ = {
			isa = XCBuildConfiguration;
			buildSettings = {
				ALWAYS_SEARCH_USER_PATHS = NO;
				CLANG_CXX_LANGUAGE_STANDARD = "gnu++0x";
				CLANG_CXX_LIBRARY = "libc++";
				CLANG_ENABLE_MODULES = YES;
				CLANG_ENABLE_OBJC_ARC = YES;
				CLANG_WARN_BOOL_CONVERSION = YES;
				CLANG_WARN_CONSTANT_CONVERSION = YES;
				CLANG_WARN_DIRECT_OBJC_ISA_USAGE = YES_ERROR;
				CLANG_WARN_EMPTY_BODY = YES;
				CLANG_WARN_ENUM_CONVERSION = YES;
				CLANG_WARN_INT_CONVERSION = YES;
				CLANG_WARN_OBJC_ROOT_CLASS = YES_ERROR;
				CLANG_WARN_UNREACHABLE_CODE = YES;
				CLANG_WARN__DUPLICATE_METHOD_MATCH = YES;
				"CODE_SIGN_IDENTITY[sdk=iphoneos*]" = "iPhone Developer";
				COPY_PHASE_STRIP = NO;
				ENABLE_STRICT_OBJC_MSGSEND = YES;
				GCC_C_LANGUAGE_STANDARD = gnu99;
				GCC_DYNAMIC_NO_PIC = NO;
				GCC_OPTIMIZATION_LEVEL = 0;
				GCC_PREPROCESSOR_DEFINITIONS = (
					"DEBUG=1",
					"$(inherited)",
				);
				GCC_SYMBOLS_PRIVATE_EXTERN = NO;
				GCC_WARN_64_TO_32_BIT_CONVERSION = YES;
				GCC_WARN_ABOUT_RETURN_TYPE = YES_ERROR;
				GCC_WARN_UNDECLARED_SELECTOR = YES;
				GCC_WARN_UNINITIALIZED_AUTOS = YES_AGGRESSIVE;
				GCC_WARN_UNUSED_FUNCTION = YES;
				GCC_WARN_UNUSED_VARIABLE = YES;
				IPHONEOS_DEPLOYMENT_TARGET = 8.0;
				MTL_ENABLE_DEBUG_INFO = YES;
				ONLY_ACTIVE_ARCH = YES;
				SDKROOT = iphoneos;
				SWIFT_OPTIMIZATION_LEVEL = "-Onone";
				TARGETED_DEVICE_FAMILY = "1,2";
			};
			name = Debug;
		};
		43F49E1D19F308950088BBC6 /* Release */ = {
			isa = XCBuildConfiguration;
			buildSettings = {
				ALWAYS_SEARCH_USER_PATHS = NO;
				CLANG_CXX_LANGUAGE_STANDARD = "gnu++0x";
				CLANG_CXX_LIBRARY = "libc++";
				CLANG_ENABLE_MODULES = YES;
				CLANG_ENABLE_OBJC_ARC = YES;
				CLANG_WARN_BOOL_CONVERSION = YES;
				CLANG_WARN_CONSTANT_CONVERSION = YES;
				CLANG_WARN_DIRECT_OBJC_ISA_USAGE = YES_ERROR;
				CLANG_WARN_EMPTY_BODY = YES;
				CLANG_WARN_ENUM_CONVERSION = YES;
				CLANG_WARN_INT_CONVERSION = YES;
				CLANG_WARN_OBJC_ROOT_CLASS = YES_ERROR;
				CLANG_WARN_UNREACHABLE_CODE = YES;
				CLANG_WARN__DUPLICATE_METHOD_MATCH = YES;
				"CODE_SIGN_IDENTITY[sdk=iphoneos*]" = "iPhone Developer";
				COPY_PHASE_STRIP = YES;
				ENABLE_NS_ASSERTIONS = NO;
				ENABLE_STRICT_OBJC_MSGSEND = YES;
				GCC_C_LANGUAGE_STANDARD = gnu99;
				GCC_WARN_64_TO_32_BIT_CONVERSION = YES;
				GCC_WARN_ABOUT_RETURN_TYPE = YES_ERROR;
				GCC_WARN_UNDECLARED_SELECTOR = YES;
				GCC_WARN_UNINITIALIZED_AUTOS = YES_AGGRESSIVE;
				GCC_WARN_UNUSED_FUNCTION = YES;
				GCC_WARN_UNUSED_VARIABLE = YES;
				IPHONEOS_DEPLOYMENT_TARGET = 8.0;
				MTL_ENABLE_DEBUG_INFO = NO;
				SDKROOT = iphoneos;
				TARGETED_DEVICE_FAMILY = "1,2";
				VALIDATE_PRODUCT = YES;
			};
			name = Release;
		};
		43F49E1F19F308950088BBC6 /* Debug */ = {
			isa = XCBuildConfiguration;
			buildSettings = {
				ASSETCATALOG_COMPILER_APPICON_NAME = AppIcon;
				INFOPLIST_FILE = test/Info.plist;
				LD_RUNPATH_SEARCH_PATHS = "$(inherited) @executable_path/Frameworks";
				PRODUCT_NAME = "$(TARGET_NAME)";
			};
			name = Debug;
		};
		43F49E2019F308950088BBC6 /* Release */ = {
			isa = XCBuildConfiguration;
			buildSettings = {
				ASSETCATALOG_COMPILER_APPICON_NAME = AppIcon;
				INFOPLIST_FILE = test/Info.plist;
				LD_RUNPATH_SEARCH_PATHS = "$(inherited) @executable_path/Frameworks";
				PRODUCT_NAME = "$(TARGET_NAME)";
			};
			name = Release;
		};
		43F49E2219F308950088BBC6 /* Debug */ = {
			isa = XCBuildConfiguration;
			buildSettings = {
				BUNDLE_LOADER = "$(TEST_HOST)";
				FRAMEWORK_SEARCH_PATHS = (
					"$(SDKROOT)/Developer/Library/Frameworks",
					"$(inherited)",
				);
				GCC_PREPROCESSOR_DEFINITIONS = (
					"DEBUG=1",
					"$(inherited)",
				);
				INFOPLIST_FILE = testTests/Info.plist;
				LD_RUNPATH_SEARCH_PATHS = "$(inherited) @executable_path/Frameworks @loader_path/Frameworks";
				PRODUCT_NAME = "$(TARGET_NAME)";
				TEST_HOST = "$(BUILT_PRODUCTS_DIR)/test.app/test";
			};
			name = Debug;
		};
		43F49E2319F308950088BBC6 /* Release */ = {
			isa = XCBuildConfiguration;
			buildSettings = {
				BUNDLE_LOADER = "$(TEST_HOST)";
				FRAMEWORK_SEARCH_PATHS = (
					"$(SDKROOT)/Developer/Library/Frameworks",
					"$(inherited)",
				);
				INFOPLIST_FILE = testTests/Info.plist;
				LD_RUNPATH_SEARCH_PATHS = "$(inherited) @executable_path/Frameworks @loader_path/Frameworks";
				PRODUCT_NAME = "$(TARGET_NAME)";
				TEST_HOST = "$(BUILT_PRODUCTS_DIR)/test.app/test";
			};
			name = Release;
		};
/* End XCBuildConfiguration section */

/* Begin XCConfigurationList section */
		43F49DF719F308950088BBC6 /* Build configuration list for PBXProject "test" */ = {
			isa = XCConfigurationList;
			buildConfigurations = (
				43F49E1C19F308950088BBC6 /* Debug */,
				43F49E1D19F308950088BBC6 /* Release */,
			);
			defaultConfigurationIsVisible = 0;
			defaultConfigurationName = Release;
		};
		43F49E1E19F308950088BBC6 /* Build configuration list for PBXNativeTarget "test" */ = {
			isa = XCConfigurationList;
			buildConfigurations = (
				43F49E1F19F308950088BBC6 /* Debug */,
				43F49E2019F308950088BBC6 /* Release */,
			);
			defaultConfigurationIsVisible = 0;
		};
		43F49E2119F308950088BBC6 /* Build configuration list for PBXNativeTarget "testTests" */ = {
			isa = XCConfigurationList;
			buildConfigurations = (
				43F49E2219F308950088BBC6 /* Debug */,
				43F49E2319F308950088BBC6 /* Release */,
			);
			defaultConfigurationIsVisible = 0;
		};
/* End XCConfigurationList section */

/* Begin XCVersionGroup section */
		43F49E0319F308950088BBC6 /* test.xcdatamodeld */ = {
			isa = XCVersionGroup;
			children = (
				43F49E0419F308950088BBC6 /* test.xcdatamodel */,
			);
			currentVersion = 43F49E0419F308950088BBC6 /* test.xcdatamodel */;
			path = test.xcdatamodeld;
			sourceTree = "<group>";
			versionGroupType = wrapper.xcdatamodel;
		};
/* End XCVersionGroup section */
	};
	rootObject = 43F49DF419F308950088BBC6 /* Project object */;
}
